
Microsoft Visual Studio Solution File, Format Version 12.00
# Visual Studio Version 16
VisualStudioVersion = 16.0.31402.337
MinimumVisualStudioVersion = 10.0.40219.1
Project("{FAE04EC0-301F-11D3-BF4B-00C04F79EFBC}") = "TicTacToe", "TicTacToe\TicTacToe.csproj", "{04FE22C1-9BCE-4BA9-8794-37D8D3A5ABDF}"
EndProject
Global
	GlobalSection(SolutionConfigurationPlatforms) = preSolution
		Debug|Any CPU = Debug|Any CPU
		Release|Any CPU = Release|Any CPU
	EndGlobalSection
	GlobalSection(ProjectConfigurationPlatforms) = postSolution
		{04FE22C1-9BCE-4BA9-8794-37D8D3A5ABDF}.Debug|Any CPU.ActiveCfg = Debug|Any CPU
		{04FE22C1-9BCE-4BA9-8794-37D8D3A5ABDF}.Debug|Any CPU.Build.0 = Debug|Any CPU
		{04FE22C1-9BCE-4BA9-8794-37D8D3A5ABDF}.Release|Any CPU.ActiveCfg = Release|Any CPU
		{04FE22C1-9BCE-4BA9-8794-37D8D3A5ABDF}.Release|Any CPU.Build.0 = Release|Any CPU
	EndGlobalSection
	GlobalSection(SolutionProperties) = preSolution
		HideSolutionNode = FALSE
	EndGlobalSection
	GlobalSection(ExtensibilityGlobals) = postSolution
		SolutionGuid = {1416D0B7-F329-45BB-B0D1-28DF23005C8B}
	EndGlobalSection
EndGlobal
